PODS:
  - BTNavigationDropdownMenu (0.4.1)
  - ChameleonFramework/Default (2.1.0)
  - ChameleonFramework/Swift (2.1.0):
    - ChameleonFramework/Default
  - DropDown (2)
  - DZNEmptyDataSet (1.8.1)
  - Eureka (2.0.1)
  - Firebase/Auth (3.14.0):
    - Firebase/Core
    - FirebaseAuth (= 3.1.1)
  - Firebase/Core (3.14.0):
    - FirebaseAnalytics (= 3.7.0)
    - FirebaseCore (= 3.5.1)
  - Firebase/Database (3.14.0):
    - Firebase/Core
    - FirebaseDatabase (= 3.1.2)
  - Firebase/Messaging (3.14.0):
    - Firebase/Core
    - FirebaseMessaging (= 1.2.2)
  - Firebase/Storage (3.14.0):
    - Firebase/Core
    - FirebaseStorage (= 1.1.0)
  - FirebaseAnalytics (3.7.0):
    - FirebaseCore (~> 3.5)
    - FirebaseInstanceID (~> 1.0)
    - GoogleToolboxForMac/NSData+zlib (~> 2.1)
  - FirebaseAuth (3.1.1):
    - FirebaseAnalytics (~> 3.7)
    - GoogleToolboxForMac/NSDictionary+URLArguments (~> 2.1)
    - GTMSessionFetcher/Core (~> 1.1)
  - FirebaseCore (3.5.1):
    - GoogleToolboxForMac/NSData+zlib (~> 2.1)
  - FirebaseDatabase (3.1.2):
    - FirebaseAnalytics (~> 3.7)
  - FirebaseInstanceID (1.0.9)
  - FirebaseMessaging (1.2.2):
    - FirebaseAnalytics (~> 3.7)
    - FirebaseInstanceID (~> 1.0)
    - GoogleToolboxForMac/Logger (~> 2.1)
    - Protobuf (~> 3.1)
  - FirebaseStorage (1.1.0):
    - FirebaseAnalytics (~> 3.7)
    - GTMSessionFetcher/Core (~> 1.1)
  - FSCalendar (2.7.3)
  - GoogleToolboxForMac/DebugUtils (2.1.1):
    - GoogleToolboxForMac/Defines (= 2.1.1)
  - GoogleToolboxForMac/Defines (2.1.1)
  - GoogleToolboxForMac/Logger (2.1.1):
    - GoogleToolboxForMac/Defines (= 2.1.1)
  - GoogleToolboxForMac/NSData+zlib (2.1.1):
    - GoogleToolboxForMac/Defines (= 2.1.1)
  - GoogleToolboxForMac/NSDictionary+URLArguments (2.1.1):
    - GoogleToolboxForMac/DebugUtils (= 2.1.1)
    - GoogleToolboxForMac/Defines (= 2.1.1)
    - GoogleToolboxForMac/NSString+URLArguments (= 2.1.1)
  - GoogleToolboxForMac/NSString+URLArguments (2.1.1)
  - GTMSessionFetcher/Core (1.1.9)
  - JSQMessagesViewController (7.3.4):
    - JSQSystemSoundPlayer (~> 2.0.1)
  - JSQSystemSoundPlayer (2.0.1)
  - Material (2.5.2):
    - Material/Core (= 2.5.2)
  - Material/Core (2.5.2)
  - NVActivityIndicatorView (3.5.1)
  - PagingMenuController (2.2.0)
  - Protobuf (3.2.0)
  - RZTransitions (1.2.1)
  - SCLAlertView (0.7.0)
  - Spring (1.0.3)

DEPENDENCIES:
  - BTNavigationDropdownMenu (from `https://github.com/PhamBaTho/BTNavigationDropdownMenu.git`, branch `swift-3.0`)
  - ChameleonFramework/Swift (from `https://github.com/ViccAlexander/Chameleon.git`)
  - DropDown
  - DZNEmptyDataSet
  - Eureka
  - Firebase/Auth
  - Firebase/Core
  - Firebase/Database
  - Firebase/Messaging
  - Firebase/Storage
  - FSCalendar
  - JSQMessagesViewController
  - Material (~> 2.0)
  - NVActivityIndicatorView
  - PagingMenuController
  - RZTransitions
  - SCLAlertView
  - Spring (from `https://github.com/MengTo/Spring.git`, branch `swift3`)

EXTERNAL SOURCES:
  BTNavigationDropdownMenu:
    :branch: swift-3.0
    :git: https://github.com/PhamBaTho/BTNavigationDropdownMenu.git
  ChameleonFramework:
    :git: https://github.com/ViccAlexander/Chameleon.git
  Spring:
    :branch: swift3
    :git: https://github.com/MengTo/Spring.git

CHECKOUT OPTIONS:
  BTNavigationDropdownMenu:
    :commit: 2c08c8579cf7a53ecb3dbf578e6e1034080a9859
    :git: https://github.com/PhamBaTho/BTNavigationDropdownMenu.git
  ChameleonFramework:
    :commit: acc480fbe023c6e5fe40f68593f4a70a8c4c7ad5
    :git: https://github.com/ViccAlexander/Chameleon.git
  Spring:
    :commit: 3a9227c6e9157e7b47f5ac1ee5abab2a56b50002
    :git: https://github.com/MengTo/Spring.git

SPEC CHECKSUMS:
  BTNavigationDropdownMenu: 093f3cbfad1572f2c222bdf8d17584d1e13380d4
  ChameleonFramework: d21a3cc247abfe5e37609a283a8238b03575cf64
  DropDown: 744784d9c9aa505100e942c16acd05430cbb2f0a
  DZNEmptyDataSet: 9525833b9e68ac21c30253e1d3d7076cc828eaa7
  Eureka: ae837bb1dfae0c07bc1bda7aeef87876eeb537c2
  Firebase: 85a581fb04e44f63ae9f4fbc8d6dabf4a4c18653
  FirebaseAnalytics: 0d1b7d81d5021155be37702a94ba1ec16d45365d
  FirebaseAuth: cc8a1824170adbd351edb7f994490a3fb5c18be6
  FirebaseCore: 225d40532489835a034b8f4e2c9c87fbf4f615a2
  FirebaseDatabase: 05c96d7b43a7368dc91c07791adb49683e1738d1
  FirebaseInstanceID: 2d0518b1378fe9d685ef40cbdd63d2fdc1125339
  FirebaseMessaging: df8267f378580a24174ce7861233aa11d5c90109
  FirebaseStorage: a5c55b23741a49a72af8f30f95b3bb5ddbeda12d
  FSCalendar: 574388d70778c22719eed9341653e1743b345573
  GoogleToolboxForMac: 8e329f1b599f2512c6b10676d45736bcc2cbbeb0
  GTMSessionFetcher: 5c046c76a1f859bc9c187e918f18e4fc7bb57b5e
  JSQMessagesViewController: 39fed975e3c9f8eba7292071e29eeb541d105e66
  JSQSystemSoundPlayer: c5850e77a4363ffd374cd851154b9af93264ed8d
  Material: 00ae261fa04dd3f3f8584d07e44ac658fa1bc6fd
  NVActivityIndicatorView: 075563b3547445ebcff840e3297ce9dd4a23731f
  PagingMenuController: 6176618987bb170096664f2da097313e45ed9c31
  Protobuf: 745f59e122e5de98d4d7ef291e264a0eef80f58e
  RZTransitions: 0e0013fda6989ee84dc5e44dca79fd539e1a975a
  SCLAlertView: 8a14ffc40590c619e183eed2298b854385f30be1
  Spring: 3f02b5dc3308572ef177b3cad0fa7bbc4b0706f7

PODFILE CHECKSUM: 7cefb7ddb62c963c1e841c522439b877dc2436d3

COCOAPODS: 1.2.0
