// !$*UTF8*$!
{
	archiveVersion = 1;
	classes = {
	};
	objectVersion = 46;
	objects = {

/* Begin PBXBuildFile section */
		18B5C49AFA2A076AD1009440 /* Pods_TutorMe.framework in Frameworks */ = {isa = PBXBuildFile; fileRef = E32F40C5AE612C64AD0FDBC9 /* Pods_TutorMe.framework */; };
		96090AE81D9CDD2E00709CA6 /* AppDelegate.swift in Sources */ = {isa = PBXBuildFile; fileRef = 96090AE71D9CDD2E00709CA6 /* AppDelegate.swift */; };
		96090AEA1D9CDD2E00709CA6 /* SignUpViewController.swift in Sources */ = {isa = PBXBuildFile; fileRef = 96090AE91D9CDD2E00709CA6 /* SignUpViewController.swift */; };
		96090AEF1D9CDD2E00709CA6 /* Assets.xcassets in Resources */ = {isa = PBXBuildFile; fileRef = 96090AEE1D9CDD2E00709CA6 /* Assets.xcassets */; };
		96090AF21D9CDD2E00709CA6 /* LaunchScreen.storyboard in Resources */ = {isa = PBXBuildFile; fileRef = 96090AF01D9CDD2E00709CA6 /* LaunchScreen.storyboard */; };
		C81DA37A1E3E897C00CB15A8 /* UIScrollView+EmptyDataSet.m in Sources */ = {isa = PBXBuildFile; fileRef = C81DA3781E3E897C00CB15A8 /* UIScrollView+EmptyDataSet.m */; };
		C81DA3CE1E3FB8A600CB15A8 /* SettingsTableViewController.swift in Sources */ = {isa = PBXBuildFile; fileRef = C81DA3C91E3FB8A600CB15A8 /* SettingsTableViewController.swift */; };
		C81DA3CF1E3FB8A600CB15A8 /* ChangePasswordTableViewController.swift in Sources */ = {isa = PBXBuildFile; fileRef = C81DA3CA1E3FB8A600CB15A8 /* ChangePasswordTableViewController.swift */; };
		C81DA3D41E3FB94F00CB15A8 /* Settings.storyboard in Resources */ = {isa = PBXBuildFile; fileRef = C81DA3D31E3FB94F00CB15A8 /* Settings.storyboard */; };
		C827B4C81E10D8F500BDFD50 /* TutorSignUpViewControllerTwo.swift in Sources */ = {isa = PBXBuildFile; fileRef = C827B4C71E10D8F500BDFD50 /* TutorSignUpViewControllerTwo.swift */; };
		C82800DA1E0EFD8B00329B7D /* StringExtensions.swift in Sources */ = {isa = PBXBuildFile; fileRef = C82800D91E0EFD8B00329B7D /* StringExtensions.swift */; };
		C82800DC1E0EFD9700329B7D /* UIColorExtensions.swift in Sources */ = {isa = PBXBuildFile; fileRef = C82800DB1E0EFD9700329B7D /* UIColorExtensions.swift */; };
		C82800DE1E0EFDAF00329B7D /* UIImageExtensions.swift in Sources */ = {isa = PBXBuildFile; fileRef = C82800DD1E0EFDAF00329B7D /* UIImageExtensions.swift */; };
		C82800E11E0F4F7600329B7D /* Tutee.storyboard in Resources */ = {isa = PBXBuildFile; fileRef = C82800E01E0F4F7600329B7D /* Tutee.storyboard */; };
		C82800E31E0FA38C00329B7D /* AboutThisApp.storyboard in Resources */ = {isa = PBXBuildFile; fileRef = C82800E21E0FA38C00329B7D /* AboutThisApp.storyboard */; };
		C82800E51E0FA96D00329B7D /* AboutThisAppViewController.swift in Sources */ = {isa = PBXBuildFile; fileRef = C82800E41E0FA96D00329B7D /* AboutThisAppViewController.swift */; };
		C8338AFA1E629D4500202E3A /* AddEventViewController.swift in Sources */ = {isa = PBXBuildFile; fileRef = C8338AF91E629D4500202E3A /* AddEventViewController.swift */; };
		C8338AFC1E629D6E00202E3A /* UpcomingEventTableViewController.swift in Sources */ = {isa = PBXBuildFile; fileRef = C8338AFB1E629D6E00202E3A /* UpcomingEventTableViewController.swift */; };
		C8338B391E63DFC300202E3A /* eventItem.swift in Sources */ = {isa = PBXBuildFile; fileRef = C8338B371E63DFC300202E3A /* eventItem.swift */; };
		C8338B3A1E63DFC300202E3A /* eventCell.swift in Sources */ = {isa = PBXBuildFile; fileRef = C8338B381E63DFC300202E3A /* eventCell.swift */; };
		C8338B3C1E63E2C400202E3A /* DetailViewController.swift in Sources */ = {isa = PBXBuildFile; fileRef = C8338B3B1E63E2C400202E3A /* DetailViewController.swift */; };
		C838A8B61E1982BA004A794C /* FriendSystem.swift in Sources */ = {isa = PBXBuildFile; fileRef = C838A8B21E1982BA004A794C /* FriendSystem.swift */; };
		C838A8B71E1982BA004A794C /* UserListViewController.swift in Sources */ = {isa = PBXBuildFile; fileRef = C838A8B31E1982BA004A794C /* UserListViewController.swift */; };
		C838A8B81E1982BA004A794C /* FriendViewController.swift in Sources */ = {isa = PBXBuildFile; fileRef = C838A8B41E1982BA004A794C /* FriendViewController.swift */; };
		C838A8B91E1982BA004A794C /* RequestViewController.swift in Sources */ = {isa = PBXBuildFile; fileRef = C838A8B51E1982BA004A794C /* RequestViewController.swift */; };
		C838A8BC1E19C47E004A794C /* Map.storyboard in Resources */ = {isa = PBXBuildFile; fileRef = C838A8BB1E19C47E004A794C /* Map.storyboard */; };
		C838A8BE1E19C4E1004A794C /* MapViewController.swift in Sources */ = {isa = PBXBuildFile; fileRef = C838A8BD1E19C4E1004A794C /* MapViewController.swift */; };
		C838A9481E1B46EC004A794C /* UserCell.xib in Resources */ = {isa = PBXBuildFile; fileRef = C838A9471E1B46EC004A794C /* UserCell.xib */; };
		C838A94A1E1B6E32004A794C /* UserCell.swift in Sources */ = {isa = PBXBuildFile; fileRef = C838A9491E1B6E32004A794C /* UserCell.swift */; };
		C86ACAF21E0E238300F6695E /* LoginViewController.swift in Sources */ = {isa = PBXBuildFile; fileRef = C86ACAF11E0E238200F6695E /* LoginViewController.swift */; };
		C86BCCBC1E12F6CA007D24F9 /* cells in Resources */ = {isa = PBXBuildFile; fileRef = C86BCCB61E12F6CA007D24F9 /* cells */; };
		C86BCCBD1E12F6CA007D24F9 /* controllers in Resources */ = {isa = PBXBuildFile; fileRef = C86BCCB71E12F6CA007D24F9 /* controllers */; };
		C86BCCBE1E12F6CA007D24F9 /* descriptors in Resources */ = {isa = PBXBuildFile; fileRef = C86BCCB81E12F6CA007D24F9 /* descriptors */; };
		C86BCCBF1E12F6CA007D24F9 /* FormErrorType.swift in Sources */ = {isa = PBXBuildFile; fileRef = C86BCCB91E12F6CA007D24F9 /* FormErrorType.swift */; };
		C86BCCC01E12F6CA007D24F9 /* Info.plist in Resources */ = {isa = PBXBuildFile; fileRef = C86BCCBA1E12F6CA007D24F9 /* Info.plist */; };
		C86BCCC31E12F8B3007D24F9 /* CustomCells.swift in Sources */ = {isa = PBXBuildFile; fileRef = C86BCCC21E12F8B3007D24F9 /* CustomCells.swift */; };
		C86BCCC61E12F8DE007D24F9 /* ImagePickerController.swift in Sources */ = {isa = PBXBuildFile; fileRef = C86BCCC41E12F8DE007D24F9 /* ImagePickerController.swift */; };
		C86BCCC71E12F8DE007D24F9 /* ImageRow.swift in Sources */ = {isa = PBXBuildFile; fileRef = C86BCCC51E12F8DE007D24F9 /* ImageRow.swift */; };
		C86BCCD31E12FABD007D24F9 /* FloatLabelTextField.swift in Sources */ = {isa = PBXBuildFile; fileRef = C86BCCD21E12FABD007D24F9 /* FloatLabelTextField.swift */; };
		C86BCCF11E14E142007D24F9 /* MoreInfoViewController.swift in Sources */ = {isa = PBXBuildFile; fileRef = C86BCCF01E14E142007D24F9 /* MoreInfoViewController.swift */; };
		C87983981E0B90F0003EB7A1 /* WeekDaysCell.xib in Resources */ = {isa = PBXBuildFile; fileRef = C87983971E0B90F0003EB7A1 /* WeekDaysCell.xib */; };
		C87984921E0C763F003EB7A1 /* PagingMenuController.swift in Sources */ = {isa = PBXBuildFile; fileRef = C87984841E0C763F003EB7A1 /* PagingMenuController.swift */; };
		C87984931E0C763F003EB7A1 /* MenuView.swift in Sources */ = {isa = PBXBuildFile; fileRef = C87984851E0C763F003EB7A1 /* MenuView.swift */; };
		C87984941E0C763F003EB7A1 /* MenuItemView.swift in Sources */ = {isa = PBXBuildFile; fileRef = C87984861E0C763F003EB7A1 /* MenuItemView.swift */; };
		C87984961E0C763F003EB7A1 /* PagingViewController.swift in Sources */ = {isa = PBXBuildFile; fileRef = C87984881E0C763F003EB7A1 /* PagingViewController.swift */; };
		C87984971E0C763F003EB7A1 /* PagingMenuControllerOptions.swift in Sources */ = {isa = PBXBuildFile; fileRef = C87984891E0C763F003EB7A1 /* PagingMenuControllerOptions.swift */; };
		C87984991E0C763F003EB7A1 /* RootViewController.swift in Sources */ = {isa = PBXBuildFile; fileRef = C879848B1E0C763F003EB7A1 /* RootViewController.swift */; };
		C879849D1E0C763F003EB7A1 /* UsersViewController.swift in Sources */ = {isa = PBXBuildFile; fileRef = C879848F1E0C763F003EB7A1 /* UsersViewController.swift */; };
		C879849E1E0C763F003EB7A1 /* PagingMenuViewController.swift in Sources */ = {isa = PBXBuildFile; fileRef = C87984901E0C763F003EB7A1 /* PagingMenuViewController.swift */; };
		C87984A41E0C76A5003EB7A1 /* MenuItemViewCustomizable.swift in Sources */ = {isa = PBXBuildFile; fileRef = C87984A01E0C76A5003EB7A1 /* MenuItemViewCustomizable.swift */; };
		C87984A51E0C76A5003EB7A1 /* MenuViewCustomizable.swift in Sources */ = {isa = PBXBuildFile; fileRef = C87984A11E0C76A5003EB7A1 /* MenuViewCustomizable.swift */; };
		C87984A61E0C76A5003EB7A1 /* Pagable.swift in Sources */ = {isa = PBXBuildFile; fileRef = C87984A21E0C76A5003EB7A1 /* Pagable.swift */; };
		C87984A71E0C76A5003EB7A1 /* PagingMenuControllerCustomizable.swift in Sources */ = {isa = PBXBuildFile; fileRef = C87984A31E0C76A5003EB7A1 /* PagingMenuControllerCustomizable.swift */; };
		C87984AF1E0C8138003EB7A1 /* MenuViewController.storyboard in Resources */ = {isa = PBXBuildFile; fileRef = C87984AE1E0C8138003EB7A1 /* MenuViewController.storyboard */; };
		C87984B11E0CC00A003EB7A1 /* Tutor.storyboard in Resources */ = {isa = PBXBuildFile; fileRef = C87984B01E0CC00A003EB7A1 /* Tutor.storyboard */; };
		C87984B31E0D013A003EB7A1 /* GoogleService-Info.plist in Resources */ = {isa = PBXBuildFile; fileRef = C87984B21E0D013A003EB7A1 /* GoogleService-Info.plist */; };
		C87984B51E0D01FB003EB7A1 /* User.swift in Sources */ = {isa = PBXBuildFile; fileRef = C87984B41E0D01FB003EB7A1 /* User.swift */; };
		C88498C01E0B51A0000C4675 /* Main.storyboard in Resources */ = {isa = PBXBuildFile; fileRef = C88498BF1E0B51A0000C4675 /* Main.storyboard */; };
		C88498C21E0B5B4F000C4675 /* TutorOrTuteeViewController.swift in Sources */ = {isa = PBXBuildFile; fileRef = C88498C11E0B5B4F000C4675 /* TutorOrTuteeViewController.swift */; };
		C88498C41E0B8A5D000C4675 /* TutorSignUpViewControllerOne.swift in Sources */ = {isa = PBXBuildFile; fileRef = C88498C31E0B8A5C000C4675 /* TutorSignUpViewControllerOne.swift */; };
		C88498CA1E0B8C16000C4675 /* EurekaSectionHeader.xib in Resources */ = {isa = PBXBuildFile; fileRef = C88498C91E0B8C16000C4675 /* EurekaSectionHeader.xib */; };
		C890A09C1E27FDDC007DE45D /* ChatViewController.swift in Sources */ = {isa = PBXBuildFile; fileRef = C890A0981E27FDDC007DE45D /* ChatViewController.swift */; };
		C890A09E1E27FDDC007DE45D /* CreateChannelCell.swift in Sources */ = {isa = PBXBuildFile; fileRef = C890A09A1E27FDDC007DE45D /* CreateChannelCell.swift */; };
		C890A09F1E27FDDC007DE45D /* Channel.swift in Sources */ = {isa = PBXBuildFile; fileRef = C890A09B1E27FDDC007DE45D /* Channel.swift */; };
		C8BD683E1E36F4FC0028EC37 /* ChannelListViewController.swift in Sources */ = {isa = PBXBuildFile; fileRef = C8BD683D1E36F4FC0028EC37 /* ChannelListViewController.swift */; };
		C8C5DE391E4185DC008CCFDB /* SettingsBasicInfoTableViewController.swift in Sources */ = {isa = PBXBuildFile; fileRef = C8C5DE371E4185DC008CCFDB /* SettingsBasicInfoTableViewController.swift */; };
		C8C5DE3A1E4185DC008CCFDB /* SettingsAvailabilityTableViewController.swift in Sources */ = {isa = PBXBuildFile; fileRef = C8C5DE381E4185DC008CCFDB /* SettingsAvailabilityTableViewController.swift */; };
		C8C744A71E6AAC39005AB3EA /* FBSDKLoginKit.framework in Frameworks */ = {isa = PBXBuildFile; fileRef = C8C744A61E6AAC39005AB3EA /* FBSDKLoginKit.framework */; };
		C8D9B8271E688BDF00EBDEA5 /* NativeEventViewController.swift in Sources */ = {isa = PBXBuildFile; fileRef = C8D9B8261E688BDF00EBDEA5 /* NativeEventViewController.swift */; };
		C8EE88291E0D08DC003775C2 /* TutorsTableViewController.swift in Sources */ = {isa = PBXBuildFile; fileRef = C8EE88281E0D08DC003775C2 /* TutorsTableViewController.swift */; };
		C8EE88511E0DB144003775C2 /* FSCalendar.m in Sources */ = {isa = PBXBuildFile; fileRef = C8EE88321E0DB144003775C2 /* FSCalendar.m */; };
		C8EE88521E0DB144003775C2 /* FSCalendar+Deprecated.m in Sources */ = {isa = PBXBuildFile; fileRef = C8EE88331E0DB144003775C2 /* FSCalendar+Deprecated.m */; };
		C8EE88531E0DB144003775C2 /* FSCalendarAnimator.m in Sources */ = {isa = PBXBuildFile; fileRef = C8EE88351E0DB144003775C2 /* FSCalendarAnimator.m */; };
		C8EE88541E0DB144003775C2 /* FSCalendarAppearance.m in Sources */ = {isa = PBXBuildFile; fileRef = C8EE88371E0DB144003775C2 /* FSCalendarAppearance.m */; };
		C8EE88551E0DB144003775C2 /* FSCalendarCalculator.m in Sources */ = {isa = PBXBuildFile; fileRef = C8EE88391E0DB144003775C2 /* FSCalendarCalculator.m */; };
		C8EE88561E0DB144003775C2 /* FSCalendarCell.m in Sources */ = {isa = PBXBuildFile; fileRef = C8EE883B1E0DB144003775C2 /* FSCalendarCell.m */; };
		C8EE88571E0DB144003775C2 /* FSCalendarCollectionView.m in Sources */ = {isa = PBXBuildFile; fileRef = C8EE883D1E0DB144003775C2 /* FSCalendarCollectionView.m */; };
		C8EE88581E0DB144003775C2 /* FSCalendarCollectionViewLayout.m in Sources */ = {isa = PBXBuildFile; fileRef = C8EE883F1E0DB144003775C2 /* FSCalendarCollectionViewLayout.m */; };
		C8EE88591E0DB144003775C2 /* FSCalendarConstants.m in Sources */ = {isa = PBXBuildFile; fileRef = C8EE88411E0DB144003775C2 /* FSCalendarConstants.m */; };
		C8EE885A1E0DB144003775C2 /* FSCalendarDelegationFactory.m in Sources */ = {isa = PBXBuildFile; fileRef = C8EE88431E0DB144003775C2 /* FSCalendarDelegationFactory.m */; };
		C8EE885B1E0DB144003775C2 /* FSCalendarDelegationProxy.m in Sources */ = {isa = PBXBuildFile; fileRef = C8EE88451E0DB144003775C2 /* FSCalendarDelegationProxy.m */; };
		C8EE885C1E0DB144003775C2 /* FSCalendarExtensions.m in Sources */ = {isa = PBXBuildFile; fileRef = C8EE88481E0DB144003775C2 /* FSCalendarExtensions.m */; };
		C8EE885D1E0DB144003775C2 /* FSCalendarHeaderView.m in Sources */ = {isa = PBXBuildFile; fileRef = C8EE884A1E0DB144003775C2 /* FSCalendarHeaderView.m */; };
		C8EE885E1E0DB144003775C2 /* FSCalendarScopeHandle.m in Sources */ = {isa = PBXBuildFile; fileRef = C8EE884C1E0DB144003775C2 /* FSCalendarScopeHandle.m */; };
		C8EE885F1E0DB144003775C2 /* FSCalendarStickyHeader.m in Sources */ = {isa = PBXBuildFile; fileRef = C8EE884E1E0DB144003775C2 /* FSCalendarStickyHeader.m */; };
		C8EE88601E0DB144003775C2 /* FSCalendarWeekdayView.m in Sources */ = {isa = PBXBuildFile; fileRef = C8EE88501E0DB144003775C2 /* FSCalendarWeekdayView.m */; };
		C8F668C31E6B479F00D9DC53 /* FBSDKCoreKit.framework in Frameworks */ = {isa = PBXBuildFile; fileRef = C8F668C21E6B479F00D9DC53 /* FBSDKCoreKit.framework */; };
		C8F668C51E6B85E400D9DC53 /* CalendarViewController.swift in Sources */ = {isa = PBXBuildFile; fileRef = C8F668C41E6B85E400D9DC53 /* CalendarViewController.swift */; };
		C8F668C71E6CB14000D9DC53 /* UserCellTwo.xib in Resources */ = {isa = PBXBuildFile; fileRef = C8F668C61E6CB14000D9DC53 /* UserCellTwo.xib */; };
		C8F668CA1E6CEEDF00D9DC53 /* ProfilePictureViewController.swift in Sources */ = {isa = PBXBuildFile; fileRef = C8F668C91E6CEEDF00D9DC53 /* ProfilePictureViewController.swift */; };
		C8F668CC1E6D170F00D9DC53 /* ProfilePictureViewController+handlers.swift in Sources */ = {isa = PBXBuildFile; fileRef = C8F668CB1E6D170F00D9DC53 /* ProfilePictureViewController+handlers.swift */; };
		C8F668CE1E6D31D500D9DC53 /* Message.swift in Sources */ = {isa = PBXBuildFile; fileRef = C8F668CD1E6D31D500D9DC53 /* Message.swift */; };
/* End PBXBuildFile section */

/* Begin PBXCopyFilesBuildPhase section */
		96090AFC1D9CDEB100709CA6 /* Embed Frameworks */ = {
			isa = PBXCopyFilesBuildPhase;
			buildActionMask = 2147483647;
			dstPath = "";
			dstSubfolderSpec = 10;
			files = (
			);
			name = "Embed Frameworks";
			runOnlyForDeploymentPostprocessing = 0;
		};
/* End PBXCopyFilesBuildPhase section */

/* Begin PBXFileReference section */
		2C0795EA5FC191C95C70C6CF /* Pods-TextField.release.xcconfig */ = {isa = PBXFileReference; includeInIndex = 1; lastKnownFileType = text.xcconfig; name = "Pods-TextField.release.xcconfig"; path = "Pods/Target Support Files/Pods-TextField/Pods-TextField.release.xcconfig"; sourceTree = "<group>"; };
		4E890B62C5C4984F8E35F824 /* Pods-TutorMe.release.xcconfig */ = {isa = PBXFileReference; includeInIndex = 1; lastKnownFileType = text.xcconfig; name = "Pods-TutorMe.release.xcconfig"; path = "Pods/Target Support Files/Pods-TutorMe/Pods-TutorMe.release.xcconfig"; sourceTree = "<group>"; };
		928FC51B6AE8ACDCE5CB3BE0 /* Pods-TextField.debug.xcconfig */ = {isa = PBXFileReference; includeInIndex = 1; lastKnownFileType = text.xcconfig; name = "Pods-TextField.debug.xcconfig"; path = "Pods/Target Support Files/Pods-TextField/Pods-TextField.debug.xcconfig"; sourceTree = "<group>"; };
		96090AE41D9CDD2E00709CA6 /* TutorMe.app */ = {isa = PBXFileReference; explicitFileType = wrapper.application; includeInIndex = 0; path = TutorMe.app; sourceTree = BUILT_PRODUCTS_DIR; };
		96090AE71D9CDD2E00709CA6 /* AppDelegate.swift */ = {isa = PBXFileReference; lastKnownFileType = sourcecode.swift; path = AppDelegate.swift; sourceTree = "<group>"; };
		96090AE91D9CDD2E00709CA6 /* SignUpViewController.swift */ = {isa = PBXFileReference; lastKnownFileType = sourcecode.swift; path = SignUpViewController.swift; sourceTree = "<group>"; };
		96090AEE1D9CDD2E00709CA6 /* Assets.xcassets */ = {isa = PBXFileReference; lastKnownFileType = folder.assetcatalog; path = Assets.xcassets; sourceTree = "<group>"; };
		96090AF11D9CDD2E00709CA6 /* Base */ = {isa = PBXFileReference; lastKnownFileType = file.storyboard; name = Base; path = Base.lproj/LaunchScreen.storyboard; sourceTree = "<group>"; };
		96090AF31D9CDD2E00709CA6 /* Info.plist */ = {isa = PBXFileReference; lastKnownFileType = text.plist.xml; path = Info.plist; sourceTree = "<group>"; };
		B8B62CCD5A010F1F7EC99019 /* Pods_TextField.framework */ = {isa = PBXFileReference; explicitFileType = wrapper.framework; includeInIndex = 0; path = Pods_TextField.framework; sourceTree = BUILT_PRODUCTS_DIR; };
		C5875EC10C650ED442BE78C5 /* Pods-TutorMe.debug.xcconfig */ = {isa = PBXFileReference; includeInIndex = 1; lastKnownFileType = text.xcconfig; name = "Pods-TutorMe.debug.xcconfig"; path = "Pods/Target Support Files/Pods-TutorMe/Pods-TutorMe.debug.xcconfig"; sourceTree = "<group>"; };
		C81DA3781E3E897C00CB15A8 /* UIScrollView+EmptyDataSet.m */ = {isa = PBXFileReference; fileEncoding = 4; lastKnownFileType = sourcecode.c.objc; path = "UIScrollView+EmptyDataSet.m"; sourceTree = "<group>"; };
		C81DA3791E3E897C00CB15A8 /* UIScrollView+EmptyDataSet.h */ = {isa = PBXFileReference; fileEncoding = 4; lastKnownFileType = sourcecode.c.h; path = "UIScrollView+EmptyDataSet.h"; sourceTree = "<group>"; };
		C81DA3C91E3FB8A600CB15A8 /* SettingsTableViewController.swift */ = {isa = PBXFileReference; fileEncoding = 4; lastKnownFileType = sourcecode.swift; path = SettingsTableViewController.swift; sourceTree = "<group>"; };
		C81DA3CA1E3FB8A600CB15A8 /* ChangePasswordTableViewController.swift */ = {isa = PBXFileReference; fileEncoding = 4; lastKnownFileType = sourcecode.swift; path = ChangePasswordTableViewController.swift; sourceTree = "<group>"; };
		C81DA3D31E3FB94F00CB15A8 /* Settings.storyboard */ = {isa = PBXFileReference; fileEncoding = 4; lastKnownFileType = file.storyboard; path = Settings.storyboard; sourceTree = "<group>"; };
		C827B4C71E10D8F500BDFD50 /* TutorSignUpViewControllerTwo.swift */ = {isa = PBXFileReference; fileEncoding = 4; lastKnownFileType = sourcecode.swift; path = TutorSignUpViewControllerTwo.swift; sourceTree = "<group>"; };
		C82800D91E0EFD8B00329B7D /* StringExtensions.swift */ = {isa = PBXFileReference; fileEncoding = 4; lastKnownFileType = sourcecode.swift; path = StringExtensions.swift; sourceTree = "<group>"; };
		C82800DB1E0EFD9700329B7D /* UIColorExtensions.swift */ = {isa = PBXFileReference; fileEncoding = 4; lastKnownFileType = sourcecode.swift; path = UIColorExtensions.swift; sourceTree = "<group>"; };
		C82800DD1E0EFDAF00329B7D /* UIImageExtensions.swift */ = {isa = PBXFileReference; fileEncoding = 4; lastKnownFileType = sourcecode.swift; path = UIImageExtensions.swift; sourceTree = "<group>"; };
		C82800E01E0F4F7600329B7D /* Tutee.storyboard */ = {isa = PBXFileReference; fileEncoding = 4; lastKnownFileType = file.storyboard; path = Tutee.storyboard; sourceTree = "<group>"; };
		C82800E21E0FA38C00329B7D /* AboutThisApp.storyboard */ = {isa = PBXFileReference; fileEncoding = 4; lastKnownFileType = file.storyboard; path = AboutThisApp.storyboard; sourceTree = "<group>"; };
		C82800E41E0FA96D00329B7D /* AboutThisAppViewController.swift */ = {isa = PBXFileReference; fileEncoding = 4; lastKnownFileType = sourcecode.swift; path = AboutThisAppViewController.swift; sourceTree = "<group>"; };
		C8338AF91E629D4500202E3A /* AddEventViewController.swift */ = {isa = PBXFileReference; fileEncoding = 4; lastKnownFileType = sourcecode.swift; path = AddEventViewController.swift; sourceTree = "<group>"; };
		C8338AFB1E629D6E00202E3A /* UpcomingEventTableViewController.swift */ = {isa = PBXFileReference; fileEncoding = 4; lastKnownFileType = sourcecode.swift; path = UpcomingEventTableViewController.swift; sourceTree = "<group>"; };
		C8338B371E63DFC300202E3A /* eventItem.swift */ = {isa = PBXFileReference; fileEncoding = 4; lastKnownFileType = sourcecode.swift; path = eventItem.swift; sourceTree = "<group>"; };
		C8338B381E63DFC300202E3A /* eventCell.swift */ = {isa = PBXFileReference; fileEncoding = 4; lastKnownFileType = sourcecode.swift; path = eventCell.swift; sourceTree = "<group>"; };
		C8338B3B1E63E2C400202E3A /* DetailViewController.swift */ = {isa = PBXFileReference; fileEncoding = 4; lastKnownFileType = sourcecode.swift; path = DetailViewController.swift; sourceTree = "<group>"; };
		C838A8B21E1982BA004A794C /* FriendSystem.swift */ = {isa = PBXFileReference; fileEncoding = 4; lastKnownFileType = sourcecode.swift; path = FriendSystem.swift; sourceTree = "<group>"; };
		C838A8B31E1982BA004A794C /* UserListViewController.swift */ = {isa = PBXFileReference; fileEncoding = 4; lastKnownFileType = sourcecode.swift; path = UserListViewController.swift; sourceTree = "<group>"; };
		C838A8B41E1982BA004A794C /* FriendViewController.swift */ = {isa = PBXFileReference; fileEncoding = 4; lastKnownFileType = sourcecode.swift; path = FriendViewController.swift; sourceTree = "<group>"; };
		C838A8B51E1982BA004A794C /* RequestViewController.swift */ = {isa = PBXFileReference; fileEncoding = 4; lastKnownFileType = sourcecode.swift; path = RequestViewController.swift; sourceTree = "<group>"; };
		C838A8BB1E19C47E004A794C /* Map.storyboard */ = {isa = PBXFileReference; fileEncoding = 4; lastKnownFileType = file.storyboard; path = Map.storyboard; sourceTree = "<group>"; };
		C838A8BD1E19C4E1004A794C /* MapViewController.swift */ = {isa = PBXFileReference; fileEncoding = 4; lastKnownFileType = sourcecode.swift; path = MapViewController.swift; sourceTree = "<group>"; };
		C838A9471E1B46EC004A794C /* UserCell.xib */ = {isa = PBXFileReference; fileEncoding = 4; lastKnownFileType = file.xib; path = UserCell.xib; sourceTree = "<group>"; };
		C838A9491E1B6E32004A794C /* UserCell.swift */ = {isa = PBXFileReference; fileEncoding = 4; lastKnownFileType = sourcecode.swift; path = UserCell.swift; sourceTree = "<group>"; };
		C86ACAF11E0E238200F6695E /* LoginViewController.swift */ = {isa = PBXFileReference; fileEncoding = 4; lastKnownFileType = sourcecode.swift; path = LoginViewController.swift; sourceTree = "<group>"; };
		C86BCCB61E12F6CA007D24F9 /* cells */ = {isa = PBXFileReference; lastKnownFileType = folder; name = cells; path = SwiftForms/cells; sourceTree = "<group>"; };
		C86BCCB71E12F6CA007D24F9 /* controllers */ = {isa = PBXFileReference; lastKnownFileType = folder; name = controllers; path = SwiftForms/controllers; sourceTree = "<group>"; };
		C86BCCB81E12F6CA007D24F9 /* descriptors */ = {isa = PBXFileReference; lastKnownFileType = folder; name = descriptors; path = SwiftForms/descriptors; sourceTree = "<group>"; };
		C86BCCB91E12F6CA007D24F9 /* FormErrorType.swift */ = {isa = PBXFileReference; fileEncoding = 4; lastKnownFileType = sourcecode.swift; name = FormErrorType.swift; path = SwiftForms/FormErrorType.swift; sourceTree = "<group>"; };
		C86BCCBA1E12F6CA007D24F9 /* Info.plist */ = {isa = PBXFileReference; fileEncoding = 4; lastKnownFileType = text.plist.xml; name = Info.plist; path = SwiftForms/Info.plist; sourceTree = "<group>"; };
		C86BCCBB1E12F6CA007D24F9 /* SwiftForms.h */ = {isa = PBXFileReference; fileEncoding = 4; lastKnownFileType = sourcecode.c.h; name = SwiftForms.h; path = SwiftForms/SwiftForms.h; sourceTree = "<group>"; };
		C86BCCC21E12F8B3007D24F9 /* CustomCells.swift */ = {isa = PBXFileReference; fileEncoding = 4; lastKnownFileType = sourcecode.swift; name = CustomCells.swift; path = TextField/CustomCells.swift; sourceTree = SOURCE_ROOT; };
		C86BCCC41E12F8DE007D24F9 /* ImagePickerController.swift */ = {isa = PBXFileReference; fileEncoding = 4; lastKnownFileType = sourcecode.swift; path = ImagePickerController.swift; sourceTree = SOURCE_ROOT; };
		C86BCCC51E12F8DE007D24F9 /* ImageRow.swift */ = {isa = PBXFileReference; fileEncoding = 4; lastKnownFileType = sourcecode.swift; path = ImageRow.swift; sourceTree = SOURCE_ROOT; };
		C86BCCD21E12FABD007D24F9 /* FloatLabelTextField.swift */ = {isa = PBXFileReference; fileEncoding = 4; lastKnownFileType = sourcecode.swift; name = FloatLabelTextField.swift; path = TextField/FloatLabelTextField.swift; sourceTree = SOURCE_ROOT; };
		C86BCCF01E14E142007D24F9 /* MoreInfoViewController.swift */ = {isa = PBXFileReference; fileEncoding = 4; lastKnownFileType = sourcecode.swift; path = MoreInfoViewController.swift; sourceTree = "<group>"; };
		C87983971E0B90F0003EB7A1 /* WeekDaysCell.xib */ = {isa = PBXFileReference; fileEncoding = 4; lastKnownFileType = file.xib; path = WeekDaysCell.xib; sourceTree = "<group>"; };
		C87984841E0C763F003EB7A1 /* PagingMenuController.swift */ = {isa = PBXFileReference; fileEncoding = 4; lastKnownFileType = sourcecode.swift; path = PagingMenuController.swift; sourceTree = "<group>"; };
		C87984851E0C763F003EB7A1 /* MenuView.swift */ = {isa = PBXFileReference; fileEncoding = 4; lastKnownFileType = sourcecode.swift; path = MenuView.swift; sourceTree = "<group>"; };
		C87984861E0C763F003EB7A1 /* MenuItemView.swift */ = {isa = PBXFileReference; fileEncoding = 4; lastKnownFileType = sourcecode.swift; path = MenuItemView.swift; sourceTree = "<group>"; };
		C87984881E0C763F003EB7A1 /* PagingViewController.swift */ = {isa = PBXFileReference; fileEncoding = 4; lastKnownFileType = sourcecode.swift; path = PagingViewController.swift; sourceTree = "<group>"; };
		C87984891E0C763F003EB7A1 /* PagingMenuControllerOptions.swift */ = {isa = PBXFileReference; fileEncoding = 4; lastKnownFileType = sourcecode.swift; path = PagingMenuControllerOptions.swift; sourceTree = "<group>"; };
		C879848B1E0C763F003EB7A1 /* RootViewController.swift */ = {isa = PBXFileReference; fileEncoding = 4; lastKnownFileType = sourcecode.swift; path = RootViewController.swift; sourceTree = "<group>"; };
		C879848F1E0C763F003EB7A1 /* UsersViewController.swift */ = {isa = PBXFileReference; fileEncoding = 4; lastKnownFileType = sourcecode.swift; path = UsersViewController.swift; sourceTree = "<group>"; };
		C87984901E0C763F003EB7A1 /* PagingMenuViewController.swift */ = {isa = PBXFileReference; fileEncoding = 4; lastKnownFileType = sourcecode.swift; path = PagingMenuViewController.swift; sourceTree = "<group>"; };
		C87984A01E0C76A5003EB7A1 /* MenuItemViewCustomizable.swift */ = {isa = PBXFileReference; fileEncoding = 4; lastKnownFileType = sourcecode.swift; name = MenuItemViewCustomizable.swift; path = Protocols/MenuItemViewCustomizable.swift; sourceTree = "<group>"; };
		C87984A11E0C76A5003EB7A1 /* MenuViewCustomizable.swift */ = {isa = PBXFileReference; fileEncoding = 4; lastKnownFileType = sourcecode.swift; name = MenuViewCustomizable.swift; path = Protocols/MenuViewCustomizable.swift; sourceTree = "<group>"; };
		C87984A21E0C76A5003EB7A1 /* Pagable.swift */ = {isa = PBXFileReference; fileEncoding = 4; lastKnownFileType = sourcecode.swift; name = Pagable.swift; path = Protocols/Pagable.swift; sourceTree = "<group>"; };
		C87984A31E0C76A5003EB7A1 /* PagingMenuControllerCustomizable.swift */ = {isa = PBXFileReference; fileEncoding = 4; lastKnownFileType = sourcecode.swift; name = PagingMenuControllerCustomizable.swift; path = Protocols/PagingMenuControllerCustomizable.swift; sourceTree = "<group>"; };
		C87984AE1E0C8138003EB7A1 /* MenuViewController.storyboard */ = {isa = PBXFileReference; fileEncoding = 4; lastKnownFileType = file.storyboard; path = MenuViewController.storyboard; sourceTree = "<group>"; };
		C87984B01E0CC00A003EB7A1 /* Tutor.storyboard */ = {isa = PBXFileReference; fileEncoding = 4; lastKnownFileType = file.storyboard; path = Tutor.storyboard; sourceTree = "<group>"; };
		C87984B21E0D013A003EB7A1 /* GoogleService-Info.plist */ = {isa = PBXFileReference; fileEncoding = 4; lastKnownFileType = text.plist.xml; path = "GoogleService-Info.plist"; sourceTree = "<group>"; };
		C87984B41E0D01FB003EB7A1 /* User.swift */ = {isa = PBXFileReference; fileEncoding = 4; lastKnownFileType = sourcecode.swift; path = User.swift; sourceTree = "<group>"; };
		C88498BF1E0B51A0000C4675 /* Main.storyboard */ = {isa = PBXFileReference; fileEncoding = 4; lastKnownFileType = file.storyboard; path = Main.storyboard; sourceTree = "<group>"; };
		C88498C11E0B5B4F000C4675 /* TutorOrTuteeViewController.swift */ = {isa = PBXFileReference; fileEncoding = 4; lastKnownFileType = sourcecode.swift; path = TutorOrTuteeViewController.swift; sourceTree = "<group>"; };
		C88498C31E0B8A5C000C4675 /* TutorSignUpViewControllerOne.swift */ = {isa = PBXFileReference; fileEncoding = 4; lastKnownFileType = sourcecode.swift; path = TutorSignUpViewControllerOne.swift; sourceTree = "<group>"; };
		C88498C91E0B8C16000C4675 /* EurekaSectionHeader.xib */ = {isa = PBXFileReference; fileEncoding = 4; lastKnownFileType = file.xib; path = EurekaSectionHeader.xib; sourceTree = "<group>"; };
		C890A0981E27FDDC007DE45D /* ChatViewController.swift */ = {isa = PBXFileReference; fileEncoding = 4; lastKnownFileType = sourcecode.swift; name = ChatViewController.swift; path = "../../Xcode projects/Wenderlich Chat Channels Example/ChatChat/ChatViewController.swift"; sourceTree = "<group>"; };
		C890A09A1E27FDDC007DE45D /* CreateChannelCell.swift */ = {isa = PBXFileReference; fileEncoding = 4; lastKnownFileType = sourcecode.swift; name = CreateChannelCell.swift; path = "../../Xcode projects/Wenderlich Chat Channels Example/ChatChat/CreateChannelCell.swift"; sourceTree = "<group>"; };
		C890A09B1E27FDDC007DE45D /* Channel.swift */ = {isa = PBXFileReference; fileEncoding = 4; lastKnownFileType = sourcecode.swift; name = Channel.swift; path = "../../Xcode projects/Wenderlich Chat Channels Example/ChatChat/Channel.swift"; sourceTree = "<group>"; };
		C8BD683D1E36F4FC0028EC37 /* ChannelListViewController.swift */ = {isa = PBXFileReference; fileEncoding = 4; lastKnownFileType = sourcecode.swift; name = ChannelListViewController.swift; path = "../../Xcode projects/Wenderlich Chat Channel Example/ChatChat/ChannelListViewController.swift"; sourceTree = "<group>"; };
		C8C5DE371E4185DC008CCFDB /* SettingsBasicInfoTableViewController.swift */ = {isa = PBXFileReference; fileEncoding = 4; lastKnownFileType = sourcecode.swift; path = SettingsBasicInfoTableViewController.swift; sourceTree = "<group>"; };
		C8C5DE381E4185DC008CCFDB /* SettingsAvailabilityTableViewController.swift */ = {isa = PBXFileReference; fileEncoding = 4; lastKnownFileType = sourcecode.swift; path = SettingsAvailabilityTableViewController.swift; sourceTree = "<group>"; };
		C8C744A61E6AAC39005AB3EA /* FBSDKLoginKit.framework */ = {isa = PBXFileReference; lastKnownFileType = wrapper.framework; name = FBSDKLoginKit.framework; path = ../../FacebookSDK/FBSDKLoginKit.framework; sourceTree = "<group>"; };
		C8D9B8261E688BDF00EBDEA5 /* NativeEventViewController.swift */ = {isa = PBXFileReference; fileEncoding = 4; lastKnownFileType = sourcecode.swift; path = NativeEventViewController.swift; sourceTree = "<group>"; };
		C8EE88281E0D08DC003775C2 /* TutorsTableViewController.swift */ = {isa = PBXFileReference; fileEncoding = 4; lastKnownFileType = sourcecode.swift; path = TutorsTableViewController.swift; sourceTree = "<group>"; };
		C8EE882E1E0DB08C003775C2 /* TutorMe-Bridging-Header.h */ = {isa = PBXFileReference; lastKnownFileType = sourcecode.c.h; path = "TutorMe-Bridging-Header.h"; sourceTree = "<group>"; };
		C8EE88311E0DB144003775C2 /* FSCalendar.h */ = {isa = PBXFileReference; fileEncoding = 4; lastKnownFileType = sourcecode.c.h; name = FSCalendar.h; path = FSCalendar/FSCalendar.h; sourceTree = "<group>"; };
		C8EE88321E0DB144003775C2 /* FSCalendar.m */ = {isa = PBXFileReference; fileEncoding = 4; lastKnownFileType = sourcecode.c.objc; name = FSCalendar.m; path = FSCalendar/FSCalendar.m; sourceTree = "<group>"; };
		C8EE88331E0DB144003775C2 /* FSCalendar+Deprecated.m */ = {isa = PBXFileReference; fileEncoding = 4; lastKnownFileType = sourcecode.c.objc; name = "FSCalendar+Deprecated.m"; path = "FSCalendar/FSCalendar+Deprecated.m"; sourceTree = "<group>"; };
		C8EE88341E0DB144003775C2 /* FSCalendarAnimator.h */ = {isa = PBXFileReference; fileEncoding = 4; lastKnownFileType = sourcecode.c.h; name = FSCalendarAnimator.h; path = FSCalendar/FSCalendarAnimator.h; sourceTree = "<group>"; };
		C8EE88351E0DB144003775C2 /* FSCalendarAnimator.m */ = {isa = PBXFileReference; fileEncoding = 4; lastKnownFileType = sourcecode.c.objc; name = FSCalendarAnimator.m; path = FSCalendar/FSCalendarAnimator.m; sourceTree = "<group>"; };
		C8EE88361E0DB144003775C2 /* FSCalendarAppearance.h */ = {isa = PBXFileReference; fileEncoding = 4; lastKnownFileType = sourcecode.c.h; name = FSCalendarAppearance.h; path = FSCalendar/FSCalendarAppearance.h; sourceTree = "<group>"; };
		C8EE88371E0DB144003775C2 /* FSCalendarAppearance.m */ = {isa = PBXFileReference; fileEncoding = 4; lastKnownFileType = sourcecode.c.objc; name = FSCalendarAppearance.m; path = FSCalendar/FSCalendarAppearance.m; sourceTree = "<group>"; };
		C8EE88381E0DB144003775C2 /* FSCalendarCalculator.h */ = {isa = PBXFileReference; fileEncoding = 4; lastKnownFileType = sourcecode.c.h; name = FSCalendarCalculator.h; path = FSCalendar/FSCalendarCalculator.h; sourceTree = "<group>"; };
		C8EE88391E0DB144003775C2 /* FSCalendarCalculator.m */ = {isa = PBXFileReference; fileEncoding = 4; lastKnownFileType = sourcecode.c.objc; name = FSCalendarCalculator.m; path = FSCalendar/FSCalendarCalculator.m; sourceTree = "<group>"; };
		C8EE883A1E0DB144003775C2 /* FSCalendarCell.h */ = {isa = PBXFileReference; fileEncoding = 4; lastKnownFileType = sourcecode.c.h; name = FSCalendarCell.h; path = FSCalendar/FSCalendarCell.h; sourceTree = "<group>"; };
		C8EE883B1E0DB144003775C2 /* FSCalendarCell.m */ = {isa = PBXFileReference; fileEncoding = 4; lastKnownFileType = sourcecode.c.objc; name = FSCalendarCell.m; path = FSCalendar/FSCalendarCell.m; sourceTree = "<group>"; };
		C8EE883C1E0DB144003775C2 /* FSCalendarCollectionView.h */ = {isa = PBXFileReference; fileEncoding = 4; lastKnownFileType = sourcecode.c.h; name = FSCalendarCollectionView.h; path = FSCalendar/FSCalendarCollectionView.h; sourceTree = "<group>"; };
		C8EE883D1E0DB144003775C2 /* FSCalendarCollectionView.m */ = {isa = PBXFileReference; fileEncoding = 4; lastKnownFileType = sourcecode.c.objc; name = FSCalendarCollectionView.m; path = FSCalendar/FSCalendarCollectionView.m; sourceTree = "<group>"; };
		C8EE883E1E0DB144003775C2 /* FSCalendarCollectionViewLayout.h */ = {isa = PBXFileReference; fileEncoding = 4; lastKnownFileType = sourcecode.c.h; name = FSCalendarCollectionViewLayout.h; path = FSCalendar/FSCalendarCollectionViewLayout.h; sourceTree = "<group>"; };
		C8EE883F1E0DB144003775C2 /* FSCalendarCollectionViewLayout.m */ = {isa = PBXFileReference; fileEncoding = 4; lastKnownFileType = sourcecode.c.objc; name = FSCalendarCollectionViewLayout.m; path = FSCalendar/FSCalendarCollectionViewLayout.m; sourceTree = "<group>"; };
		C8EE88401E0DB144003775C2 /* FSCalendarConstants.h */ = {isa = PBXFileReference; fileEncoding = 4; lastKnownFileType = sourcecode.c.h; name = FSCalendarConstants.h; path = FSCalendar/FSCalendarConstants.h; sourceTree = "<group>"; };
		C8EE88411E0DB144003775C2 /* FSCalendarConstants.m */ = {isa = PBXFileReference; fileEncoding = 4; lastKnownFileType = sourcecode.c.objc; name = FSCalendarConstants.m; path = FSCalendar/FSCalendarConstants.m; sourceTree = "<group>"; };
		C8EE88421E0DB144003775C2 /* FSCalendarDelegationFactory.h */ = {isa = PBXFileReference; fileEncoding = 4; lastKnownFileType = sourcecode.c.h; name = FSCalendarDelegationFactory.h; path = FSCalendar/FSCalendarDelegationFactory.h; sourceTree = "<group>"; };
		C8EE88431E0DB144003775C2 /* FSCalendarDelegationFactory.m */ = {isa = PBXFileReference; fileEncoding = 4; lastKnownFileType = sourcecode.c.objc; name = FSCalendarDelegationFactory.m; path = FSCalendar/FSCalendarDelegationFactory.m; sourceTree = "<group>"; };
		C8EE88441E0DB144003775C2 /* FSCalendarDelegationProxy.h */ = {isa = PBXFileReference; fileEncoding = 4; lastKnownFileType = sourcecode.c.h; name = FSCalendarDelegationProxy.h; path = FSCalendar/FSCalendarDelegationProxy.h; sourceTree = "<group>"; };
		C8EE88451E0DB144003775C2 /* FSCalendarDelegationProxy.m */ = {isa = PBXFileReference; fileEncoding = 4; lastKnownFileType = sourcecode.c.objc; name = FSCalendarDelegationProxy.m; path = FSCalendar/FSCalendarDelegationProxy.m; sourceTree = "<group>"; };
		C8EE88461E0DB144003775C2 /* FSCalendarDynamicHeader.h */ = {isa = PBXFileReference; fileEncoding = 4; lastKnownFileType = sourcecode.c.h; name = FSCalendarDynamicHeader.h; path = FSCalendar/FSCalendarDynamicHeader.h; sourceTree = "<group>"; };
		C8EE88471E0DB144003775C2 /* FSCalendarExtensions.h */ = {isa = PBXFileReference; fileEncoding = 4; lastKnownFileType = sourcecode.c.h; name = FSCalendarExtensions.h; path = FSCalendar/FSCalendarExtensions.h; sourceTree = "<group>"; };
		C8EE88481E0DB144003775C2 /* FSCalendarExtensions.m */ = {isa = PBXFileReference; fileEncoding = 4; lastKnownFileType = sourcecode.c.objc; name = FSCalendarExtensions.m; path = FSCalendar/FSCalendarExtensions.m; sourceTree = "<group>"; };
		C8EE88491E0DB144003775C2 /* FSCalendarHeaderView.h */ = {isa = PBXFileReference; fileEncoding = 4; lastKnownFileType = sourcecode.c.h; name = FSCalendarHeaderView.h; path = FSCalendar/FSCalendarHeaderView.h; sourceTree = "<group>"; };
		C8EE884A1E0DB144003775C2 /* FSCalendarHeaderView.m */ = {isa = PBXFileReference; fileEncoding = 4; lastKnownFileType = sourcecode.c.objc; name = FSCalendarHeaderView.m; path = FSCalendar/FSCalendarHeaderView.m; sourceTree = "<group>"; };
		C8EE884B1E0DB144003775C2 /* FSCalendarScopeHandle.h */ = {isa = PBXFileReference; fileEncoding = 4; lastKnownFileType = sourcecode.c.h; name = FSCalendarScopeHandle.h; path = FSCalendar/FSCalendarScopeHandle.h; sourceTree = "<group>"; };
		C8EE884C1E0DB144003775C2 /* FSCalendarScopeHandle.m */ = {isa = PBXFileReference; fileEncoding = 4; lastKnownFileType = sourcecode.c.objc; name = FSCalendarScopeHandle.m; path = FSCalendar/FSCalendarScopeHandle.m; sourceTree = "<group>"; };
		C8EE884D1E0DB144003775C2 /* FSCalendarStickyHeader.h */ = {isa = PBXFileReference; fileEncoding = 4; lastKnownFileType = sourcecode.c.h; name = FSCalendarStickyHeader.h; path = FSCalendar/FSCalendarStickyHeader.h; sourceTree = "<group>"; };
		C8EE884E1E0DB144003775C2 /* FSCalendarStickyHeader.m */ = {isa = PBXFileReference; fileEncoding = 4; lastKnownFileType = sourcecode.c.objc; name = FSCalendarStickyHeader.m; path = FSCalendar/FSCalendarStickyHeader.m; sourceTree = "<group>"; };
		C8EE884F1E0DB144003775C2 /* FSCalendarWeekdayView.h */ = {isa = PBXFileReference; fileEncoding = 4; lastKnownFileType = sourcecode.c.h; name = FSCalendarWeekdayView.h; path = FSCalendar/FSCalendarWeekdayView.h; sourceTree = "<group>"; };
		C8EE88501E0DB144003775C2 /* FSCalendarWeekdayView.m */ = {isa = PBXFileReference; fileEncoding = 4; lastKnownFileType = sourcecode.c.objc; name = FSCalendarWeekdayView.m; path = FSCalendar/FSCalendarWeekdayView.m; sourceTree = "<group>"; };
		C8F668C21E6B479F00D9DC53 /* FBSDKCoreKit.framework */ = {isa = PBXFileReference; lastKnownFileType = wrapper.framework; name = FBSDKCoreKit.framework; path = ../../FacebookSDK/FBSDKCoreKit.framework; sourceTree = "<group>"; };
		C8F668C41E6B85E400D9DC53 /* CalendarViewController.swift */ = {isa = PBXFileReference; fileEncoding = 4; lastKnownFileType = sourcecode.swift; path = CalendarViewController.swift; sourceTree = "<group>"; };
		C8F668C61E6CB14000D9DC53 /* UserCellTwo.xib */ = {isa = PBXFileReference; fileEncoding = 4; lastKnownFileType = file.xib; path = UserCellTwo.xib; sourceTree = "<group>"; };
		C8F668C91E6CEEDF00D9DC53 /* ProfilePictureViewController.swift */ = {isa = PBXFileReference; fileEncoding = 4; lastKnownFileType = sourcecode.swift; path = ProfilePictureViewController.swift; sourceTree = "<group>"; };
		C8F668CB1E6D170F00D9DC53 /* ProfilePictureViewController+handlers.swift */ = {isa = PBXFileReference; fileEncoding = 4; lastKnownFileType = sourcecode.swift; path = "ProfilePictureViewController+handlers.swift"; sourceTree = "<group>"; };
		C8F668CD1E6D31D500D9DC53 /* Message.swift */ = {isa = PBXFileReference; fileEncoding = 4; lastKnownFileType = sourcecode.swift; name = Message.swift; path = "../../Xcode projects/TutorMe/TextField/Message.swift"; sourceTree = "<group>"; };
		E32F40C5AE612C64AD0FDBC9 /* Pods_TutorMe.framework */ = {isa = PBXFileReference; explicitFileType = wrapper.framework; includeInIndex = 0; path = Pods_TutorMe.framework; sourceTree = BUILT_PRODUCTS_DIR; };
/* End PBXFileReference section */

/* Begin PBXFrameworksBuildPhase section */
		96090AE11D9CDD2E00709CA6 /* Frameworks */ = {
			isa = PBXFrameworksBuildPhase;
			buildActionMask = 2147483647;
			files = (
				C8C744A71E6AAC39005AB3EA /* FBSDKLoginKit.framework in Frameworks */,
				C8F668C31E6B479F00D9DC53 /* FBSDKCoreKit.framework in Frameworks */,
				18B5C49AFA2A076AD1009440 /* Pods_TutorMe.framework in Frameworks */,
			);
			runOnlyForDeploymentPostprocessing = 0;
		};
/* End PBXFrameworksBuildPhase section */

/* Begin PBXGroup section */
		45C0CE53565FE65B32BFB150 /* Frameworks */ = {
			isa = PBXGroup;
			children = (
				B8B62CCD5A010F1F7EC99019 /* Pods_TextField.framework */,
				C8F668C21E6B479F00D9DC53 /* FBSDKCoreKit.framework */,
				C8C744A61E6AAC39005AB3EA /* FBSDKLoginKit.framework */,
				E32F40C5AE612C64AD0FDBC9 /* Pods_TutorMe.framework */,
			);
			name = Frameworks;
			sourceTree = "<group>";
		};
		96090ADB1D9CDD2E00709CA6 = {
			isa = PBXGroup;
			children = (
				96090AE61D9CDD2E00709CA6 /* TutorMe */,
				C879844F1E0B9781003EB7A1 /* UITests */,
				96090AE51D9CDD2E00709CA6 /* Products */,
				C87984B21E0D013A003EB7A1 /* GoogleService-Info.plist */,
				96090AF31D9CDD2E00709CA6 /* Info.plist */,
				C715FA72A8755E6E0706E54B /* Pods */,
				45C0CE53565FE65B32BFB150 /* Frameworks */,
			);
			sourceTree = "<group>";
		};
		96090AE51D9CDD2E00709CA6 /* Products */ = {
			isa = PBXGroup;
			children = (
				96090AE41D9CDD2E00709CA6 /* TutorMe.app */,
			);
			name = Products;
			sourceTree = "<group>";
		};
		96090AE61D9CDD2E00709CA6 /* TutorMe */ = {
			isa = PBXGroup;
			children = (
				96090AE71D9CDD2E00709CA6 /* AppDelegate.swift */,
				C86BCCE41E136E58007D24F9 /* Chat */,
				C87984AD1E0C7F4C003EB7A1 /* Xib Files */,
				C8338AF71E620DEC00202E3A /* Storyboards */,
				C82800E71E107B7D00329B7D /* In Main Storyboard */,
				C82800E61E107AC900329B7D /* In Tutor Storyboard */,
				C87984A81E0C76DD003EB7A1 /* In Paging Menu */,
				C81DA3D21E3FB8B100CB15A8 /* Settings */,
				C827B53D1E11DF2C00BDFD50 /* About This App */,
				C838A8BA1E1982C1004A794C /* Friend System */,
				96090AEE1D9CDD2E00709CA6 /* Assets.xcassets */,
				C82800DF1E0EFDEB00329B7D /* Extensions */,
				C87984471E0B9760003EB7A1 /* Custom Row and Cell */,
				C8EE88611E0DB162003775C2 /* Calendar Obj-C Files */,
				C81DA3771E3E897200CB15A8 /* Empty Data Set */,
				C86BCCC11E12F6D6007D24F9 /* SwiftForms */,
			);
			name = TutorMe;
			path = TextField;
			sourceTree = "<group>";
		};
		C715FA72A8755E6E0706E54B /* Pods */ = {
			isa = PBXGroup;
			children = (
				928FC51B6AE8ACDCE5CB3BE0 /* Pods-TextField.debug.xcconfig */,
				2C0795EA5FC191C95C70C6CF /* Pods-TextField.release.xcconfig */,
				C5875EC10C650ED442BE78C5 /* Pods-TutorMe.debug.xcconfig */,
				4E890B62C5C4984F8E35F824 /* Pods-TutorMe.release.xcconfig */,
			);
			name = Pods;
			sourceTree = "<group>";
		};
		C81DA3771E3E897200CB15A8 /* Empty Data Set */ = {
			isa = PBXGroup;
			children = (
				C81DA3781E3E897C00CB15A8 /* UIScrollView+EmptyDataSet.m */,
				C81DA3791E3E897C00CB15A8 /* UIScrollView+EmptyDataSet.h */,
			);
			name = "Empty Data Set";
			sourceTree = "<group>";
		};
		C81DA3D21E3FB8B100CB15A8 /* Settings */ = {
			isa = PBXGroup;
			children = (
				C81DA3C91E3FB8A600CB15A8 /* SettingsTableViewController.swift */,
				C81DA3CA1E3FB8A600CB15A8 /* ChangePasswordTableViewController.swift */,
				C8C5DE371E4185DC008CCFDB /* SettingsBasicInfoTableViewController.swift */,
				C8C5DE381E4185DC008CCFDB /* SettingsAvailabilityTableViewController.swift */,
			);
			name = Settings;
			sourceTree = "<group>";
		};
		C827B53D1E11DF2C00BDFD50 /* About This App */ = {
			isa = PBXGroup;
			children = (
				C82800E41E0FA96D00329B7D /* AboutThisAppViewController.swift */,
			);
			name = "About This App";
			sourceTree = "<group>";
		};
		C82800DF1E0EFDEB00329B7D /* Extensions */ = {
			isa = PBXGroup;
			children = (
				C82800D91E0EFD8B00329B7D /* StringExtensions.swift */,
				C82800DB1E0EFD9700329B7D /* UIColorExtensions.swift */,
				C82800DD1E0EFDAF00329B7D /* UIImageExtensions.swift */,
			);
			name = Extensions;
			sourceTree = "<group>";
		};
		C82800E61E107AC900329B7D /* In Tutor Storyboard */ = {
			isa = PBXGroup;
			children = (
				C8EE88281E0D08DC003775C2 /* TutorsTableViewController.swift */,
				C838A9491E1B6E32004A794C /* UserCell.swift */,
				C879848F1E0C763F003EB7A1 /* UsersViewController.swift */,
				C8F668C41E6B85E400D9DC53 /* CalendarViewController.swift */,
			);
			name = "In Tutor Storyboard";
			sourceTree = "<group>";
		};
		C82800E71E107B7D00329B7D /* In Main Storyboard */ = {
			isa = PBXGroup;
			children = (
				96090AE91D9CDD2E00709CA6 /* SignUpViewController.swift */,
				C86ACAF11E0E238200F6695E /* LoginViewController.swift */,
				C88498C11E0B5B4F000C4675 /* TutorOrTuteeViewController.swift */,
				C88498C31E0B8A5C000C4675 /* TutorSignUpViewControllerOne.swift */,
				C827B4C71E10D8F500BDFD50 /* TutorSignUpViewControllerTwo.swift */,
				C838A8BD1E19C4E1004A794C /* MapViewController.swift */,
				C8338B371E63DFC300202E3A /* eventItem.swift */,
				C8338B381E63DFC300202E3A /* eventCell.swift */,
				C8338AF91E629D4500202E3A /* AddEventViewController.swift */,
				C8338AFB1E629D6E00202E3A /* UpcomingEventTableViewController.swift */,
				C8338B3B1E63E2C400202E3A /* DetailViewController.swift */,
				C86BCCF01E14E142007D24F9 /* MoreInfoViewController.swift */,
				C87984B41E0D01FB003EB7A1 /* User.swift */,
				C8D9B8261E688BDF00EBDEA5 /* NativeEventViewController.swift */,
				C8F668CB1E6D170F00D9DC53 /* ProfilePictureViewController+handlers.swift */,
				C8F668C91E6CEEDF00D9DC53 /* ProfilePictureViewController.swift */,
			);
			name = "In Main Storyboard";
			sourceTree = "<group>";
		};
		C8338AF71E620DEC00202E3A /* Storyboards */ = {
			isa = PBXGroup;
			children = (
				C88498BF1E0B51A0000C4675 /* Main.storyboard */,
				C87984B01E0CC00A003EB7A1 /* Tutor.storyboard */,
				C838A8BB1E19C47E004A794C /* Map.storyboard */,
				C87984AE1E0C8138003EB7A1 /* MenuViewController.storyboard */,
				C81DA3D31E3FB94F00CB15A8 /* Settings.storyboard */,
				C82800E21E0FA38C00329B7D /* AboutThisApp.storyboard */,
				C82800E01E0F4F7600329B7D /* Tutee.storyboard */,
				96090AF01D9CDD2E00709CA6 /* LaunchScreen.storyboard */,
			);
			name = Storyboards;
			sourceTree = "<group>";
		};
		C838A8BA1E1982C1004A794C /* Friend System */ = {
			isa = PBXGroup;
			children = (
				C838A8B21E1982BA004A794C /* FriendSystem.swift */,
				C838A8B31E1982BA004A794C /* UserListViewController.swift */,
				C838A8B41E1982BA004A794C /* FriendViewController.swift */,
				C838A8B51E1982BA004A794C /* RequestViewController.swift */,
			);
			name = "Friend System";
			sourceTree = "<group>";
		};
		C86BCCC11E12F6D6007D24F9 /* SwiftForms */ = {
			isa = PBXGroup;
			children = (
				C86BCCB61E12F6CA007D24F9 /* cells */,
				C86BCCB71E12F6CA007D24F9 /* controllers */,
				C86BCCB81E12F6CA007D24F9 /* descriptors */,
				C86BCCB91E12F6CA007D24F9 /* FormErrorType.swift */,
				C86BCCBA1E12F6CA007D24F9 /* Info.plist */,
				C86BCCBB1E12F6CA007D24F9 /* SwiftForms.h */,
			);
			name = SwiftForms;
			sourceTree = "<group>";
		};
		C86BCCE41E136E58007D24F9 /* Chat */ = {
			isa = PBXGroup;
			children = (
				C890A0981E27FDDC007DE45D /* ChatViewController.swift */,
				C8BD683D1E36F4FC0028EC37 /* ChannelListViewController.swift */,
				C890A09A1E27FDDC007DE45D /* CreateChannelCell.swift */,
				C890A09B1E27FDDC007DE45D /* Channel.swift */,
				C8F668CD1E6D31D500D9DC53 /* Message.swift */,
			);
			name = Chat;
			path = ../../../Eureka/Example;
			sourceTree = "<group>";
		};
		C87984411E0B9760003EB7A1 /* ImageRow */ = {
			isa = PBXGroup;
			children = (
				C86BCCC21E12F8B3007D24F9 /* CustomCells.swift */,
				C86BCCC41E12F8DE007D24F9 /* ImagePickerController.swift */,
				C86BCCC51E12F8DE007D24F9 /* ImageRow.swift */,
			);
			name = ImageRow;
			sourceTree = "<group>";
		};
		C87984431E0B9760003EB7A1 /* Helpers */ = {
			isa = PBXGroup;
			children = (
				C86BCCD21E12FABD007D24F9 /* FloatLabelTextField.swift */,
			);
			name = Helpers;
			path = Example/Helpers;
			sourceTree = "<group>";
		};
		C87984471E0B9760003EB7A1 /* Custom Row and Cell */ = {
			isa = PBXGroup;
			children = (
				C87984411E0B9760003EB7A1 /* ImageRow */,
				C87984431E0B9760003EB7A1 /* Helpers */,
			);
			name = "Custom Row and Cell";
			path = ../../../Eureka/Example;
			sourceTree = "<group>";
		};
		C879844F1E0B9781003EB7A1 /* UITests */ = {
			isa = PBXGroup;
			children = (
			);
			name = UITests;
			path = ../../Eureka/ExampleUITests;
			sourceTree = "<group>";
		};
		C87984A81E0C76DD003EB7A1 /* In Paging Menu */ = {
			isa = PBXGroup;
			children = (
				C87984841E0C763F003EB7A1 /* PagingMenuController.swift */,
				C87984851E0C763F003EB7A1 /* MenuView.swift */,
				C87984861E0C763F003EB7A1 /* MenuItemView.swift */,
				C87984881E0C763F003EB7A1 /* PagingViewController.swift */,
				C87984891E0C763F003EB7A1 /* PagingMenuControllerOptions.swift */,
				C879848B1E0C763F003EB7A1 /* RootViewController.swift */,
				C87984901E0C763F003EB7A1 /* PagingMenuViewController.swift */,
				C87984A01E0C76A5003EB7A1 /* MenuItemViewCustomizable.swift */,
				C87984A11E0C76A5003EB7A1 /* MenuViewCustomizable.swift */,
				C87984A21E0C76A5003EB7A1 /* Pagable.swift */,
				C87984A31E0C76A5003EB7A1 /* PagingMenuControllerCustomizable.swift */,
			);
			name = "In Paging Menu";
			sourceTree = "<group>";
		};
		C87984AD1E0C7F4C003EB7A1 /* Xib Files */ = {
			isa = PBXGroup;
			children = (
				C87983971E0B90F0003EB7A1 /* WeekDaysCell.xib */,
				C88498C91E0B8C16000C4675 /* EurekaSectionHeader.xib */,
				C838A9471E1B46EC004A794C /* UserCell.xib */,
				C8F668C61E6CB14000D9DC53 /* UserCellTwo.xib */,
			);
			name = "Xib Files";
			sourceTree = "<group>";
		};
		C8EE88611E0DB162003775C2 /* Calendar Obj-C Files */ = {
			isa = PBXGroup;
			children = (
				C8EE882E1E0DB08C003775C2 /* TutorMe-Bridging-Header.h */,
				C8EE88311E0DB144003775C2 /* FSCalendar.h */,
				C8EE88321E0DB144003775C2 /* FSCalendar.m */,
				C8EE88331E0DB144003775C2 /* FSCalendar+Deprecated.m */,
				C8EE88341E0DB144003775C2 /* FSCalendarAnimator.h */,
				C8EE88351E0DB144003775C2 /* FSCalendarAnimator.m */,
				C8EE88361E0DB144003775C2 /* FSCalendarAppearance.h */,
				C8EE88371E0DB144003775C2 /* FSCalendarAppearance.m */,
				C8EE88381E0DB144003775C2 /* FSCalendarCalculator.h */,
				C8EE88391E0DB144003775C2 /* FSCalendarCalculator.m */,
				C8EE883A1E0DB144003775C2 /* FSCalendarCell.h */,
				C8EE883B1E0DB144003775C2 /* FSCalendarCell.m */,
				C8EE883C1E0DB144003775C2 /* FSCalendarCollectionView.h */,
				C8EE883D1E0DB144003775C2 /* FSCalendarCollectionView.m */,
				C8EE883E1E0DB144003775C2 /* FSCalendarCollectionViewLayout.h */,
				C8EE883F1E0DB144003775C2 /* FSCalendarCollectionViewLayout.m */,
				C8EE88401E0DB144003775C2 /* FSCalendarConstants.h */,
				C8EE88411E0DB144003775C2 /* FSCalendarConstants.m */,
				C8EE88421E0DB144003775C2 /* FSCalendarDelegationFactory.h */,
				C8EE88431E0DB144003775C2 /* FSCalendarDelegationFactory.m */,
				C8EE88441E0DB144003775C2 /* FSCalendarDelegationProxy.h */,
				C8EE88451E0DB144003775C2 /* FSCalendarDelegationProxy.m */,
				C8EE88461E0DB144003775C2 /* FSCalendarDynamicHeader.h */,
				C8EE88471E0DB144003775C2 /* FSCalendarExtensions.h */,
				C8EE88481E0DB144003775C2 /* FSCalendarExtensions.m */,
				C8EE88491E0DB144003775C2 /* FSCalendarHeaderView.h */,
				C8EE884A1E0DB144003775C2 /* FSCalendarHeaderView.m */,
				C8EE884B1E0DB144003775C2 /* FSCalendarScopeHandle.h */,
				C8EE884C1E0DB144003775C2 /* FSCalendarScopeHandle.m */,
				C8EE884D1E0DB144003775C2 /* FSCalendarStickyHeader.h */,
				C8EE884E1E0DB144003775C2 /* FSCalendarStickyHeader.m */,
				C8EE884F1E0DB144003775C2 /* FSCalendarWeekdayView.h */,
				C8EE88501E0DB144003775C2 /* FSCalendarWeekdayView.m */,
			);
			name = "Calendar Obj-C Files";
			sourceTree = "<group>";
		};
/* End PBXGroup section */

/* Begin PBXNativeTarget section */
		96090AE31D9CDD2E00709CA6 /* TutorMe */ = {
			isa = PBXNativeTarget;
			buildConfigurationList = 96090AF61D9CDD2E00709CA6 /* Build configuration list for PBXNativeTarget "TutorMe" */;
			buildPhases = (
				6099C8DF19EA89AE80F6B37F /* [CP] Check Pods Manifest.lock */,
				96090AE01D9CDD2E00709CA6 /* Sources */,
				96090AE11D9CDD2E00709CA6 /* Frameworks */,
				96090AE21D9CDD2E00709CA6 /* Resources */,
				96090AFC1D9CDEB100709CA6 /* Embed Frameworks */,
				D4FE689946367867BF367EA1 /* [CP] Embed Pods Frameworks */,
				4D2B151793C69F365C16C892 /* [CP] Copy Pods Resources */,
			);
			buildRules = (
			);
			dependencies = (
			);
			name = TutorMe;
			productName = TextField;
			productReference = 96090AE41D9CDD2E00709CA6 /* TutorMe.app */;
			productType = "com.apple.product-type.application";
		};
/* End PBXNativeTarget section */

/* Begin PBXProject section */
		96090ADC1D9CDD2E00709CA6 /* Project object */ = {
			isa = PBXProject;
			attributes = {
				LastSwiftUpdateCheck = 0800;
				LastUpgradeCheck = 0810;
				ORGANIZATIONNAME = CosmicMind;
				TargetAttributes = {
					96090AE31D9CDD2E00709CA6 = {
						CreatedOnToolsVersion = 8.0;
						DevelopmentTeam = HNK7ZEMZ36;
						LastSwiftMigration = 0810;
						ProvisioningStyle = Automatic;
						SystemCapabilities = {
							com.apple.Keychain = {
								enabled = 1;
							};
							com.apple.Push = {
								enabled = 1;
							};
						};
					};
				};
			};
			buildConfigurationList = 96090ADF1D9CDD2E00709CA6 /* Build configuration list for PBXProject "TutorMe" */;
			compatibilityVersion = "Xcode 3.2";
			developmentRegion = English;
			hasScannedForEncodings = 0;
			knownRegions = (
				en,
				Base,
			);
			mainGroup = 96090ADB1D9CDD2E00709CA6;
			productRefGroup = 96090AE51D9CDD2E00709CA6 /* Products */;
			projectDirPath = "";
			projectRoot = "";
			targets = (
				96090AE31D9CDD2E00709CA6 /* TutorMe */,
			);
		};
/* End PBXProject section */

/* Begin PBXResourcesBuildPhase section */
		96090AE21D9CDD2E00709CA6 /* Resources */ = {
			isa = PBXResourcesBuildPhase;
			buildActionMask = 2147483647;
			files = (
				C86BCCBC1E12F6CA007D24F9 /* cells in Resources */,
				C81DA3D41E3FB94F00CB15A8 /* Settings.storyboard in Resources */,
				C87984B11E0CC00A003EB7A1 /* Tutor.storyboard in Resources */,
				C838A8BC1E19C47E004A794C /* Map.storyboard in Resources */,
				C88498C01E0B51A0000C4675 /* Main.storyboard in Resources */,
				C87984AF1E0C8138003EB7A1 /* MenuViewController.storyboard in Resources */,
				96090AF21D9CDD2E00709CA6 /* LaunchScreen.storyboard in Resources */,
				C86BCCBD1E12F6CA007D24F9 /* controllers in Resources */,
				C82800E11E0F4F7600329B7D /* Tutee.storyboard in Resources */,
				C86BCCBE1E12F6CA007D24F9 /* descriptors in Resources */,
				C86BCCC01E12F6CA007D24F9 /* Info.plist in Resources */,
				96090AEF1D9CDD2E00709CA6 /* Assets.xcassets in Resources */,
				C82800E31E0FA38C00329B7D /* AboutThisApp.storyboard in Resources */,
				C838A9481E1B46EC004A794C /* UserCell.xib in Resources */,
				C87983981E0B90F0003EB7A1 /* WeekDaysCell.xib in Resources */,
				C8F668C71E6CB14000D9DC53 /* UserCellTwo.xib in Resources */,
				C87984B31E0D013A003EB7A1 /* GoogleService-Info.plist in Resources */,
				C88498CA1E0B8C16000C4675 /* EurekaSectionHeader.xib in Resources */,
			);
			runOnlyForDeploymentPostprocessing = 0;
		};
/* End PBXResourcesBuildPhase section */

/* Begin PBXShellScriptBuildPhase section */
		4D2B151793C69F365C16C892 /* [CP] Copy Pods Resources */ = {
			isa = PBXShellScriptBuildPhase;
			buildActionMask = 2147483647;
			files = (
			);
			inputPaths = (
			);
			name = "[CP] Copy Pods Resources";
			outputPaths = (
			);
			runOnlyForDeploymentPostprocessing = 0;
			shellPath = /bin/sh;
			shellScript = "\"${SRCROOT}/Pods/Target Support Files/Pods-TutorMe/Pods-TutorMe-resources.sh\"\n";
			showEnvVarsInLog = 0;
		};
		6099C8DF19EA89AE80F6B37F /* [CP] Check Pods Manifest.lock */ = {
			isa = PBXShellScriptBuildPhase;
			buildActionMask = 2147483647;
			files = (
			);
			inputPaths = (
			);
			name = "[CP] Check Pods Manifest.lock";
			outputPaths = (
			);
			runOnlyForDeploymentPostprocessing = 0;
			shellPath = /bin/sh;
			shellScript = "diff \"${PODS_ROOT}/../Podfile.lock\" \"${PODS_ROOT}/Manifest.lock\" > /dev/null\nif [ $? != 0 ] ; then\n    # print error to STDERR\n    echo \"error: The sandbox is not in sync with the Podfile.lock. Run 'pod install' or update your CocoaPods installation.\" >&2\n    exit 1\nfi\n";
			showEnvVarsInLog = 0;
		};
		D4FE689946367867BF367EA1 /* [CP] Embed Pods Frameworks */ = {
			isa = PBXShellScriptBuildPhase;
			buildActionMask = 2147483647;
			files = (
			);
			inputPaths = (
			);
			name = "[CP] Embed Pods Frameworks";
			outputPaths = (
			);
			runOnlyForDeploymentPostprocessing = 0;
			shellPath = /bin/sh;
			shellScript = "\"${SRCROOT}/Pods/Target Support Files/Pods-TutorMe/Pods-TutorMe-frameworks.sh\"\n";
			showEnvVarsInLog = 0;
		};
/* End PBXShellScriptBuildPhase section */

/* Begin PBXSourcesBuildPhase section */
		96090AE01D9CDD2E00709CA6 /* Sources */ = {
			isa = PBXSourcesBuildPhase;
			buildActionMask = 2147483647;
			files = (
				96090AEA1D9CDD2E00709CA6 /* SignUpViewController.swift in Sources */,
				C838A8BE1E19C4E1004A794C /* MapViewController.swift in Sources */,
				C838A8B91E1982BA004A794C /* RequestViewController.swift in Sources */,
				C82800DE1E0EFDAF00329B7D /* UIImageExtensions.swift in Sources */,
				C8F668CC1E6D170F00D9DC53 /* ProfilePictureViewController+handlers.swift in Sources */,
				C8EE88601E0DB144003775C2 /* FSCalendarWeekdayView.m in Sources */,
				C838A8B61E1982BA004A794C /* FriendSystem.swift in Sources */,
				C8EE88591E0DB144003775C2 /* FSCalendarConstants.m in Sources */,
				C8EE88541E0DB144003775C2 /* FSCalendarAppearance.m in Sources */,
				C8EE88581E0DB144003775C2 /* FSCalendarCollectionViewLayout.m in Sources */,
				C8338B3A1E63DFC300202E3A /* eventCell.swift in Sources */,
				C8EE88511E0DB144003775C2 /* FSCalendar.m in Sources */,
				C8EE885F1E0DB144003775C2 /* FSCalendarStickyHeader.m in Sources */,
				C890A09F1E27FDDC007DE45D /* Channel.swift in Sources */,
				C8EE88561E0DB144003775C2 /* FSCalendarCell.m in Sources */,
				C81DA3CE1E3FB8A600CB15A8 /* SettingsTableViewController.swift in Sources */,
				C87984921E0C763F003EB7A1 /* PagingMenuController.swift in Sources */,
				C82800DA1E0EFD8B00329B7D /* StringExtensions.swift in Sources */,
				C8EE885A1E0DB144003775C2 /* FSCalendarDelegationFactory.m in Sources */,
				C87984931E0C763F003EB7A1 /* MenuView.swift in Sources */,
				C890A09E1E27FDDC007DE45D /* CreateChannelCell.swift in Sources */,
				C8338B391E63DFC300202E3A /* eventItem.swift in Sources */,
				C82800E51E0FA96D00329B7D /* AboutThisAppViewController.swift in Sources */,
				C8F668CA1E6CEEDF00D9DC53 /* ProfilePictureViewController.swift in Sources */,
				C88498C41E0B8A5D000C4675 /* TutorSignUpViewControllerOne.swift in Sources */,
				C86BCCD31E12FABD007D24F9 /* FloatLabelTextField.swift in Sources */,
				C8EE88291E0D08DC003775C2 /* TutorsTableViewController.swift in Sources */,
				C8EE88521E0DB144003775C2 /* FSCalendar+Deprecated.m in Sources */,
				C8C5DE391E4185DC008CCFDB /* SettingsBasicInfoTableViewController.swift in Sources */,
				C86BCCC71E12F8DE007D24F9 /* ImageRow.swift in Sources */,
				C86ACAF21E0E238300F6695E /* LoginViewController.swift in Sources */,
				C838A94A1E1B6E32004A794C /* UserCell.swift in Sources */,
				C8EE885E1E0DB144003775C2 /* FSCalendarScopeHandle.m in Sources */,
				C87984A71E0C76A5003EB7A1 /* PagingMenuControllerCustomizable.swift in Sources */,
				C8EE885B1E0DB144003775C2 /* FSCalendarDelegationProxy.m in Sources */,
				C8338AFA1E629D4500202E3A /* AddEventViewController.swift in Sources */,
				C86BCCF11E14E142007D24F9 /* MoreInfoViewController.swift in Sources */,
				C81DA37A1E3E897C00CB15A8 /* UIScrollView+EmptyDataSet.m in Sources */,
				C8F668C51E6B85E400D9DC53 /* CalendarViewController.swift in Sources */,
				C8338AFC1E629D6E00202E3A /* UpcomingEventTableViewController.swift in Sources */,
				C82800DC1E0EFD9700329B7D /* UIColorExtensions.swift in Sources */,
				C8EE88571E0DB144003775C2 /* FSCalendarCollectionView.m in Sources */,
				C8EE88531E0DB144003775C2 /* FSCalendarAnimator.m in Sources */,
				C86BCCC61E12F8DE007D24F9 /* ImagePickerController.swift in Sources */,
				C81DA3CF1E3FB8A600CB15A8 /* ChangePasswordTableViewController.swift in Sources */,
				C86BCCBF1E12F6CA007D24F9 /* FormErrorType.swift in Sources */,
				C838A8B71E1982BA004A794C /* UserListViewController.swift in Sources */,
				C8D9B8271E688BDF00EBDEA5 /* NativeEventViewController.swift in Sources */,
				C88498C21E0B5B4F000C4675 /* TutorOrTuteeViewController.swift in Sources */,
				C8EE885C1E0DB144003775C2 /* FSCalendarExtensions.m in Sources */,
				C8C5DE3A1E4185DC008CCFDB /* SettingsAvailabilityTableViewController.swift in Sources */,
				C879849D1E0C763F003EB7A1 /* UsersViewController.swift in Sources */,
				C87984941E0C763F003EB7A1 /* MenuItemView.swift in Sources */,
				C879849E1E0C763F003EB7A1 /* PagingMenuViewController.swift in Sources */,
				C86BCCC31E12F8B3007D24F9 /* CustomCells.swift in Sources */,
				C8EE885D1E0DB144003775C2 /* FSCalendarHeaderView.m in Sources */,
				C87984991E0C763F003EB7A1 /* RootViewController.swift in Sources */,
				C87984A41E0C76A5003EB7A1 /* MenuItemViewCustomizable.swift in Sources */,
				C8F668CE1E6D31D500D9DC53 /* Message.swift in Sources */,
				C87984971E0C763F003EB7A1 /* PagingMenuControllerOptions.swift in Sources */,
				C8BD683E1E36F4FC0028EC37 /* ChannelListViewController.swift in Sources */,
				C890A09C1E27FDDC007DE45D /* ChatViewController.swift in Sources */,
				C827B4C81E10D8F500BDFD50 /* TutorSignUpViewControllerTwo.swift in Sources */,
				C8338B3C1E63E2C400202E3A /* DetailViewController.swift in Sources */,
				C87984A61E0C76A5003EB7A1 /* Pagable.swift in Sources */,
				C87984B51E0D01FB003EB7A1 /* User.swift in Sources */,
				C838A8B81E1982BA004A794C /* FriendViewController.swift in Sources */,
				C8EE88551E0DB144003775C2 /* FSCalendarCalculator.m in Sources */,
				C87984A51E0C76A5003EB7A1 /* MenuViewCustomizable.swift in Sources */,
				C87984961E0C763F003EB7A1 /* PagingViewController.swift in Sources */,
				96090AE81D9CDD2E00709CA6 /* AppDelegate.swift in Sources */,
			);
			runOnlyForDeploymentPostprocessing = 0;
		};
/* End PBXSourcesBuildPhase section */

/* Begin PBXVariantGroup section */
		96090AF01D9CDD2E00709CA6 /* LaunchScreen.storyboard */ = {
			isa = PBXVariantGroup;
			children = (
				96090AF11D9CDD2E00709CA6 /* Base */,
			);
			name = LaunchScreen.storyboard;
			sourceTree = "<group>";
		};
/* End PBXVariantGroup section */

/* Begin XCBuildConfiguration section */
		96090AF41D9CDD2E00709CA6 /* Debug */ = {
			isa = XCBuildConfiguration;
			buildSettings = {
				ALWAYS_SEARCH_USER_PATHS = NO;
				CLANG_ANALYZER_NONNULL = YES;
				CLANG_CXX_LANGUAGE_STANDARD = "gnu++0x";
				CLANG_CXX_LIBRARY = "libc++";
				CLANG_ENABLE_MODULES = YES;
				CLANG_ENABLE_OBJC_ARC = YES;
				CLANG_WARN_BOOL_CONVERSION = YES;
				CLANG_WARN_CONSTANT_CONVERSION = YES;
				CLANG_WARN_DIRECT_OBJC_ISA_USAGE = YES_ERROR;
				CLANG_WARN_DOCUMENTATION_COMMENTS = YES;
				CLANG_WARN_EMPTY_BODY = YES;
				CLANG_WARN_ENUM_CONVERSION = YES;
				CLANG_WARN_INFINITE_RECURSION = YES;
				CLANG_WARN_INT_CONVERSION = YES;
				CLANG_WARN_OBJC_ROOT_CLASS = YES_ERROR;
				CLANG_WARN_SUSPICIOUS_MOVE = YES;
				CLANG_WARN_SUSPICIOUS_MOVES = YES;
				CLANG_WARN_UNREACHABLE_CODE = YES;
				CLANG_WARN__DUPLICATE_METHOD_MATCH = YES;
				"CODE_SIGN_IDENTITY[sdk=iphoneos*]" = "iPhone Developer";
				COPY_PHASE_STRIP = NO;
				DEBUG_INFORMATION_FORMAT = dwarf;
				ENABLE_STRICT_OBJC_MSGSEND = YES;
				ENABLE_TESTABILITY = YES;
				GCC_C_LANGUAGE_STANDARD = gnu99;
				GCC_DYNAMIC_NO_PIC = NO;
				GCC_NO_COMMON_BLOCKS = YES;
				GCC_OPTIMIZATION_LEVEL = 0;
				GCC_PREPROCESSOR_DEFINITIONS = (
					"DEBUG=1",
					"$(inherited)",
				);
				GCC_WARN_64_TO_32_BIT_CONVERSION = YES;
				GCC_WARN_ABOUT_RETURN_TYPE = YES_ERROR;
				GCC_WARN_UNDECLARED_SELECTOR = YES;
				GCC_WARN_UNINITIALIZED_AUTOS = YES_AGGRESSIVE;
				GCC_WARN_UNUSED_FUNCTION = YES;
				GCC_WARN_UNUSED_VARIABLE = YES;
				IPHONEOS_DEPLOYMENT_TARGET = 8.0;
				MTL_ENABLE_DEBUG_INFO = YES;
				ONLY_ACTIVE_ARCH = YES;
				SDKROOT = iphoneos;
				SWIFT_ACTIVE_COMPILATION_CONDITIONS = DEBUG;
				SWIFT_OPTIMIZATION_LEVEL = "-Onone";
				TARGETED_DEVICE_FAMILY = "1,2";
			};
			name = Debug;
		};
		96090AF51D9CDD2E00709CA6 /* Release */ = {
			isa = XCBuildConfiguration;
			buildSettings = {
				ALWAYS_SEARCH_USER_PATHS = NO;
				CLANG_ANALYZER_NONNULL = YES;
				CLANG_CXX_LANGUAGE_STANDARD = "gnu++0x";
				CLANG_CXX_LIBRARY = "libc++";
				CLANG_ENABLE_MODULES = YES;
				CLANG_ENABLE_OBJC_ARC = YES;
				CLANG_WARN_BOOL_CONVERSION = YES;
				CLANG_WARN_CONSTANT_CONVERSION = YES;
				CLANG_WARN_DIRECT_OBJC_ISA_USAGE = YES_ERROR;
				CLANG_WARN_DOCUMENTATION_COMMENTS = YES;
				CLANG_WARN_EMPTY_BODY = YES;
				CLANG_WARN_ENUM_CONVERSION = YES;
				CLANG_WARN_INFINITE_RECURSION = YES;
				CLANG_WARN_INT_CONVERSION = YES;
				CLANG_WARN_OBJC_ROOT_CLASS = YES_ERROR;
				CLANG_WARN_SUSPICIOUS_MOVE = YES;
				CLANG_WARN_SUSPICIOUS_MOVES = YES;
				CLANG_WARN_UNREACHABLE_CODE = YES;
				CLANG_WARN__DUPLICATE_METHOD_MATCH = YES;
				"CODE_SIGN_IDENTITY[sdk=iphoneos*]" = "iPhone Developer";
				COPY_PHASE_STRIP = NO;
				DEBUG_INFORMATION_FORMAT = "dwarf-with-dsym";
				ENABLE_NS_ASSERTIONS = NO;
				ENABLE_STRICT_OBJC_MSGSEND = YES;
				GCC_C_LANGUAGE_STANDARD = gnu99;
				GCC_NO_COMMON_BLOCKS = YES;
				GCC_WARN_64_TO_32_BIT_CONVERSION = YES;
				GCC_WARN_ABOUT_RETURN_TYPE = YES_ERROR;
				GCC_WARN_UNDECLARED_SELECTOR = YES;
				GCC_WARN_UNINITIALIZED_AUTOS = YES_AGGRESSIVE;
				GCC_WARN_UNUSED_FUNCTION = YES;
				GCC_WARN_UNUSED_VARIABLE = YES;
				IPHONEOS_DEPLOYMENT_TARGET = 8.0;
				MTL_ENABLE_DEBUG_INFO = NO;
				SDKROOT = iphoneos;
				SWIFT_OPTIMIZATION_LEVEL = "-Owholemodule";
				TARGETED_DEVICE_FAMILY = "1,2";
				VALIDATE_PRODUCT = YES;
			};
			name = Release;
		};
		96090AF71D9CDD2E00709CA6 /* Debug */ = {
			isa = XCBuildConfiguration;
			baseConfigurationReference = C5875EC10C650ED442BE78C5 /* Pods-TutorMe.debug.xcconfig */;
			buildSettings = {
				ASSETCATALOG_COMPILER_APPICON_NAME = "AppIcon-2";
				CLANG_ENABLE_MODULES = YES;
				CODE_SIGN_IDENTITY = "iPhone Distribution";
				"CODE_SIGN_IDENTITY[sdk=iphoneos*]" = "iPhone Developer";
				DEVELOPMENT_TEAM = HNK7ZEMZ36;
				FRAMEWORK_SEARCH_PATHS = (
					"$(inherited)",
					"$(PROJECT_DIR)",
					"\"$(SRCROOT)/../../FacebookSDK\"",
				);
				INFOPLIST_FILE = Info.plist;
				IPHONEOS_DEPLOYMENT_TARGET = 9.0;
				LD_RUNPATH_SEARCH_PATHS = "$(inherited) @executable_path/Frameworks";
				NEW_SETTING = "";
				PRODUCT_BUNDLE_IDENTIFIER = com.tutorme.app;
				PRODUCT_NAME = "$(TARGET_NAME)";
				SWIFT_OBJC_BRIDGING_HEADER = "TextField/TutorMe-Bridging-Header.h";
				SWIFT_OPTIMIZATION_LEVEL = "-Onone";
				SWIFT_VERSION = 3.0.1;
				TARGETED_DEVICE_FAMILY = 1;
			};
			name = Debug;
		};
		96090AF81D9CDD2E00709CA6 /* Release */ = {
			isa = XCBuildConfiguration;
			baseConfigurationReference = 4E890B62C5C4984F8E35F824 /* Pods-TutorMe.release.xcconfig */;
			buildSettings = {
				ASSETCATALOG_COMPILER_APPICON_NAME = "AppIcon-2";
				CLANG_ENABLE_MODULES = YES;
				CODE_SIGN_IDENTITY = "iPhone Distribution";
				"CODE_SIGN_IDENTITY[sdk=iphoneos*]" = "iPhone Developer";
				DEVELOPMENT_TEAM = HNK7ZEMZ36;
				FRAMEWORK_SEARCH_PATHS = (
					"$(inherited)",
					"$(PROJECT_DIR)",
					"$(SRCROOT)/../../FacebookSDK",
				);
				INFOPLIST_FILE = Info.plist;
				IPHONEOS_DEPLOYMENT_TARGET = 9.0;
				LD_RUNPATH_SEARCH_PATHS = "$(inherited) @executable_path/Frameworks";
				NEW_SETTING = "";
				PRODUCT_BUNDLE_IDENTIFIER = com.tutorme.app;
				PRODUCT_NAME = "$(TARGET_NAME)";
				SWIFT_OBJC_BRIDGING_HEADER = "TextField/TutorMe-Bridging-Header.h";
				SWIFT_VERSION = 3.0.1;
				TARGETED_DEVICE_FAMILY = 1;
			};
			name = Release;
		};
/* End XCBuildConfiguration section */

/* Begin XCConfigurationList section */
		96090ADF1D9CDD2E00709CA6 /* Build configuration list for PBXProject "TutorMe" */ = {
			isa = XCConfigurationList;
			buildConfigurations = (
				96090AF41D9CDD2E00709CA6 /* Debug */,
				96090AF51D9CDD2E00709CA6 /* Release */,
			);
			defaultConfigurationIsVisible = 0;
			defaultConfigurationName = Release;
		};
		96090AF61D9CDD2E00709CA6 /* Build configuration list for PBXNativeTarget "TutorMe" */ = {
			isa = XCConfigurationList;
			buildConfigurations = (
				96090AF71D9CDD2E00709CA6 /* Debug */,
				96090AF81D9CDD2E00709CA6 /* Release */,
			);
			defaultConfigurationIsVisible = 0;
			defaultConfigurationName = Release;
		};
/* End XCConfigurationList section */
	};
	rootObject = 96090ADC1D9CDD2E00709CA6 /* Project object */;
}
